{
  "name": "@mr-dave-towers/skills",
  "version": "1.0.3",
  "lockfileVersion": 3,
  "requires": true,
  "packages": {
    "": {
      "name": "@mr-dave-towers/skills",
      "version": "1.0.3",
      "license": "MIT",
      "bin": {
        "skills-new": "scripts/new-skill.mjs",
        "skills-validate": "scripts/validate.mjs"
      },
      "engines": {
        "node": ">=20"
      }
    }
  }
}
